
Microsoft Visual Studio Solution File, Format Version 12.00
# Visual Studio Version 17
VisualStudioVersion = 17.7.34031.279
MinimumVisualStudioVersion = 10.0.40219.1
Project("{FAE04EC0-301F-11D3-BF4B-00C04F79EFBC}") = "HomeWorkInterface", "HomeWorkInterface\HomeWorkInterface.csproj", "{33320D95-7536-4931-AD10-165D7FF0DE23}"
EndProject
Project("{FAE04EC0-301F-11D3-BF4B-00C04F79EFBC}") = "Domain", "Domain\Domain.csproj", "{39FD621C-F405-42A7-9F65-C11C4119B516}"
EndProject
Project("{FAE04EC0-301F-11D3-BF4B-00C04F79EFBC}") = "Service", "Service\Service.csproj", "{09B6F1AF-F917-471C-8D44-DDC86C8973E1}"
EndProject
Global
	GlobalSection(SolutionConfigurationPlatforms) = preSolution
		Debug|Any CPU = Debug|Any CPU
		Release|Any CPU = Release|Any CPU
	EndGlobalSection
	GlobalSection(ProjectConfigurationPlatforms) = postSolution
		{33320D95-7536-4931-AD10-165D7FF0DE23}.Debug|Any CPU.ActiveCfg = Debug|Any CPU
		{33320D95-7536-4931-AD10-165D7FF0DE23}.Debug|Any CPU.Build.0 = Debug|Any CPU
		{33320D95-7536-4931-AD10-165D7FF0DE23}.Release|Any CPU.ActiveCfg = Release|Any CPU
		{33320D95-7536-4931-AD10-165D7FF0DE23}.Release|Any CPU.Build.0 = Release|Any CPU
		{39FD621C-F405-42A7-9F65-C11C4119B516}.Debug|Any CPU.ActiveCfg = Debug|Any CPU
		{39FD621C-F405-42A7-9F65-C11C4119B516}.Debug|Any CPU.Build.0 = Debug|Any CPU
		{39FD621C-F405-42A7-9F65-C11C4119B516}.Release|Any CPU.ActiveCfg = Release|Any CPU
		{39FD621C-F405-42A7-9F65-C11C4119B516}.Release|Any CPU.Build.0 = Release|Any CPU
		{09B6F1AF-F917-471C-8D44-DDC86C8973E1}.Debug|Any CPU.ActiveCfg = Debug|Any CPU
		{09B6F1AF-F917-471C-8D44-DDC86C8973E1}.Debug|Any CPU.Build.0 = Debug|Any CPU
		{09B6F1AF-F917-471C-8D44-DDC86C8973E1}.Release|Any CPU.ActiveCfg = Release|Any CPU
		{09B6F1AF-F917-471C-8D44-DDC86C8973E1}.Release|Any CPU.Build.0 = Release|Any CPU
	EndGlobalSection
	GlobalSection(SolutionProperties) = preSolution
		HideSolutionNode = FALSE
	EndGlobalSection
	GlobalSection(ExtensibilityGlobals) = postSolution
		SolutionGuid = {055CA84D-1A6C-41D1-80AA-4F0A5F7765C6}
	EndGlobalSection
EndGlobal
